{
    "name": "example",
    "lockfileVersion": 3,
    "requires": true,
    "packages": {
        "": {
            "dependencies": {
                "@nichoth/image": "../"
            }
        },
        "..": {
            "version": "0.0.0",
            "license": "AGPL-3.0-or-later",
            "dependencies": {
                "@cloudinary/url-gen": "^1.10.0",
                "blurhash": "^2.0.5",
                "canvas": "^2.11.2"
            },
            "devDependencies": {
                "@typescript-eslint/parser": "^5.55.0",
                "esbuild": "^0.15.18",
                "htm": "^3.1.1",
                "postcss-import": "^15.1.0",
                "postcss-nesting": "^11.2.2",
                "preact": "^10.13.2",
                "standardx": "^7.0.0",
                "tap-arc": "^0.3.5",
                "tape-run": "^10.0.0",
                "tapzero": "^0.6.1",
                "typescript": "^5.0.2",
                "typescript-lit-html-plugin": "^0.9.0",
                "vite": "^4.3.2"
            }
        },
        "node_modules/@nichoth/image": {
            "resolved": "..",
            "link": true
        }
    }
}
