{
    "name": "example",
    "lockfileVersion": 3,
    "requires": true,
    "packages": {
        "": {
            "devDependencies": {
                "htm": "^3.1.1"
            }
        },
        "..": {
            "version": "0.0.0",
            "extraneous": true,
            "license": "AGPL-3.0-or-later",
            "devDependencies": {
                "@typescript-eslint/parser": "^5.55.0",
                "esbuild": "^0.15.18",
                "preact": "^10.13.2",
                "standardx": "^7.0.0",
                "tap-arc": "^0.3.5",
                "tape-run": "^10.0.0",
                "tapzero": "^0.6.1",
                "typescript": "^5.0.2",
                "vite": "^4.3.2"
            }
        },
        "node_modules/htm": {
            "version": "3.1.1",
            "resolved": "https://registry.npmjs.org/htm/-/htm-3.1.1.tgz",
            "integrity": "sha512-983Vyg8NwUE7JkZ6NmOqpCZ+sh1bKv2iYTlUkzlWmA5JD2acKoxd4KVxbMmxX/85mtfdnDmTFoNKcg5DGAvxNQ==",
            "dev": true
        }
    }
}
